{
  "nodes": {
    "nixpkgs": {
      "locked": {
        "lastModified": 1786858016,
        "narHash": "sha256-qAju19pU49gKFuFJZGwlFaLXuxTxfZfJM2gz+nLq+gs=",
        "rev": "54ba4bcec4043e72a4006d825e0d7aff5562008f",
        "type": "tarball",
        "url": "https://releases.nixos.org/nixpkgs/nixpkgs-26.11pre1055316.54ba4bcec404/nixexprs.tar.xz"
      },
      "original": {
        "id": "nixpkgs",
        "type": "indirect"
      }
    },
    "root": {
      "inputs": {
        "nixpkgs": "nixpkgs"
      }
    }
  },
  "root": "root",
  "version": 7
}
